Microsoft Visual Studio Solution File, Format Version 12.00
# Visual Studio Version 17
VisualStudioVersion = 17.5.2.0
MinimumVisualStudioVersion = 10.0.40219.1
Project("{FAE04EC0-301F-11D3-BF4B-00C04F79EFBC}") = "TokenSpire2", "TokenSpire2.csproj", "{AA6FCACE-4F60-2DD5-69C8-725AD55387FC}"
EndProject
Global
	GlobalSection(SolutionConfigurationPlatforms) = preSolution
		Debug|Any CPU = Debug|Any CPU
		Release|Any CPU = Release|Any CPU
	EndGlobalSection
	GlobalSection(ProjectConfigurationPlatforms) = postSolution
		{AA6FCACE-4F60-2DD5-69C8-725AD55387FC}.Debug|Any CPU.ActiveCfg = Debug|Any CPU
		{AA6FCACE-4F60-2DD5-69C8-725AD55387FC}.Debug|Any CPU.Build.0 = Debug|Any CPU
		{AA6FCACE-4F60-2DD5-69C8-725AD55387FC}.Release|Any CPU.ActiveCfg = Release|Any CPU
		{AA6FCACE-4F60-2DD5-69C8-725AD55387FC}.Release|Any CPU.Build.0 = Release|Any CPU
	EndGlobalSection
	GlobalSection(SolutionProperties) = preSolution
		HideSolutionNode = FALSE
	EndGlobalSection
	GlobalSection(ExtensibilityGlobals) = postSolution
		SolutionGuid = {B7123C5A-E5C9-4CA9-BAEC-9A490524329A}
	EndGlobalSection
EndGlobal
